// !$*UTF8*$!
{
	archiveVersion = 1;
	classes = {
	};
	objectVersion = 46;
	objects = {

/* Begin PBXBuildFile section */
		2743A8041A78B46A00AA29C4 /* AppDelegate.swift in Sources */ = {isa = PBXBuildFile; fileRef = 2743A8031A78B46A00AA29C4 /* AppDelegate.swift */; };
		2743A8061A78B46A00AA29C4 /* ViewController.swift in Sources */ = {isa = PBXBuildFile; fileRef = 2743A8051A78B46A00AA29C4 /* ViewController.swift */; };
		2743A8091A78B46A00AA29C4 /* Main.storyboard in Resources */ = {isa = PBXBuildFile; fileRef = 2743A8071A78B46A00AA29C4 /* Main.storyboard */; };
		2743A80B1A78B46A00AA29C4 /* Images.xcassets in Resources */ = {isa = PBXBuildFile; fileRef = 2743A80A1A78B46A00AA29C4 /* Images.xcassets */; };
		2743A80E1A78B46A00AA29C4 /* LaunchScreen.xib in Resources */ = {isa = PBXBuildFile; fileRef = 2743A80C1A78B46A00AA29C4 /* LaunchScreen.xib */; };
		2743A81A1A78B46A00AA29C4 /* RatingsTests.swift in Sources */ = {isa = PBXBuildFile; fileRef = 2743A8191A78B46A00AA29C4 /* RatingsTests.swift */; };
		2743A8241A78B81B00AA29C4 /* PlayersTableViewController.swift in Sources */ = {isa = PBXBuildFile; fileRef = 2743A8231A78B81B00AA29C4 /* PlayersTableViewController.swift */; };
		2743A8261A78B85B00AA29C4 /* Player.swift in Sources */ = {isa = PBXBuildFile; fileRef = 2743A8251A78B85B00AA29C4 /* Player.swift */; };
		2743A8281A78B8AA00AA29C4 /* SampleData.swift in Sources */ = {isa = PBXBuildFile; fileRef = 2743A8271A78B8AA00AA29C4 /* SampleData.swift */; };
		2743A82A1A78BCF200AA29C4 /* PlayerCell.swift in Sources */ = {isa = PBXBuildFile; fileRef = 2743A8291A78BCF200AA29C4 /* PlayerCell.swift */; };
		2743A82E1A78BF9C00AA29C4 /* PlayerDetailsTableViewController.swift in Sources */ = {isa = PBXBuildFile; fileRef = 2743A82D1A78BF9C00AA29C4 /* PlayerDetailsTableViewController.swift */; };
/* End PBXBuildFile section */

/* Begin PBXContainerItemProxy section */
		2743A8141A78B46A00AA29C4 /* PBXContainerItemProxy */ = {
			isa = PBXContainerItemProxy;
			containerPortal = 2743A7F61A78B46A00AA29C4 /* Project object */;
			proxyType = 1;
			remoteGlobalIDString = 2743A7FD1A78B46A00AA29C4;
			remoteInfo = Ratings;
		};
/* End PBXContainerItemProxy section */

/* Begin PBXFileReference section */
		2743A7FE1A78B46A00AA29C4 /* Ratings.app */ = {isa = PBXFileReference; explicitFileType = wrapper.application; includeInIndex = 0; path = Ratings.app; sourceTree = BUILT_PRODUCTS_DIR; };
		2743A8021A78B46A00AA29C4 /* Info.plist */ = {isa = PBXFileReference; lastKnownFileType = text.plist.xml; path = Info.plist; sourceTree = "<group>"; };
		2743A8031A78B46A00AA29C4 /* AppDelegate.swift */ = {isa = PBXFileReference; lastKnownFileType = sourcecode.swift; path = AppDelegate.swift; sourceTree = "<group>"; };
		2743A8051A78B46A00AA29C4 /* ViewController.swift */ = {isa = PBXFileReference; lastKnownFileType = sourcecode.swift; path = ViewController.swift; sourceTree = "<group>"; };
		2743A8081A78B46A00AA29C4 /* Base */ = {isa = PBXFileReference; lastKnownFileType = file.storyboard; name = Base; path = Base.lproj/Main.storyboard; sourceTree = "<group>"; };
		2743A80A1A78B46A00AA29C4 /* Images.xcassets */ = {isa = PBXFileReference; lastKnownFileType = folder.assetcatalog; path = Images.xcassets; sourceTree = "<group>"; };
		2743A80D1A78B46A00AA29C4 /* Base */ = {isa = PBXFileReference; lastKnownFileType = file.xib; name = Base; path = Base.lproj/LaunchScreen.xib; sourceTree = "<group>"; };
		2743A8131A78B46A00AA29C4 /* RatingsTests.xctest */ = {isa = PBXFileReference; explicitFileType = wrapper.cfbundle; includeInIndex = 0; path = RatingsTests.xctest; sourceTree = BUILT_PRODUCTS_DIR; };
		2743A8181A78B46A00AA29C4 /* Info.plist */ = {isa = PBXFileReference; lastKnownFileType = text.plist.xml; path = Info.plist; sourceTree = "<group>"; };
		2743A8191A78B46A00AA29C4 /* RatingsTests.swift */ = {isa = PBXFileReference; lastKnownFileType = sourcecode.swift; path = RatingsTests.swift; sourceTree = "<group>"; };
		2743A8231A78B81B00AA29C4 /* PlayersTableViewController.swift */ = {isa = PBXFileReference; fileEncoding = 4; lastKnownFileType = sourcecode.swift; path = PlayersTableViewController.swift; sourceTree = "<group>"; };
		2743A8251A78B85B00AA29C4 /* Player.swift */ = {isa = PBXFileReference; fileEncoding = 4; lastKnownFileType = sourcecode.swift; path = Player.swift; sourceTree = "<group>"; };
		2743A8271A78B8AA00AA29C4 /* SampleData.swift */ = {isa = PBXFileReference; fileEncoding = 4; lastKnownFileType = sourcecode.swift; path = SampleData.swift; sourceTree = "<group>"; };
		2743A8291A78BCF200AA29C4 /* PlayerCell.swift */ = {isa = PBXFileReference; fileEncoding = 4; lastKnownFileType = sourcecode.swift; path = PlayerCell.swift; sourceTree = "<group>"; };
		2743A82D1A78BF9C00AA29C4 /* PlayerDetailsTableViewController.swift */ = {isa = PBXFileReference; fileEncoding = 4; lastKnownFileType = sourcecode.swift; name = PlayerDetailsTableViewController.swift; path = ../PlayerDetailsTableViewController.swift; sourceTree = "<group>"; };
/* End PBXFileReference section */

/* Begin PBXFrameworksBuildPhase section */
		2743A7FB1A78B46A00AA29C4 /* Frameworks */ = {
			isa = PBXFrameworksBuildPhase;
			buildActionMask = 2147483647;
			files = (
			);
			runOnlyForDeploymentPostprocessing = 0;
		};
		2743A8101A78B46A00AA29C4 /* Frameworks */ = {
			isa = PBXFrameworksBuildPhase;
			buildActionMask = 2147483647;
			files = (
			);
			runOnlyForDeploymentPostprocessing = 0;
		};
/* End PBXFrameworksBuildPhase section */

/* Begin PBXGroup section */
		2743A7F51A78B46A00AA29C4 = {
			isa = PBXGroup;
			children = (
				2743A8001A78B46A00AA29C4 /* Ratings */,
				2743A8161A78B46A00AA29C4 /* RatingsTests */,
				2743A7FF1A78B46A00AA29C4 /* Products */,
			);
			sourceTree = "<group>";
		};
		2743A7FF1A78B46A00AA29C4 /* Products */ = {
			isa = PBXGroup;
			children = (
				2743A7FE1A78B46A00AA29C4 /* Ratings.app */,
				2743A8131A78B46A00AA29C4 /* RatingsTests.xctest */,
			);
			name = Products;
			sourceTree = "<group>";
		};
		2743A8001A78B46A00AA29C4 /* Ratings */ = {
			isa = PBXGroup;
			children = (
				2743A8031A78B46A00AA29C4 /* AppDelegate.swift */,
				2743A8051A78B46A00AA29C4 /* ViewController.swift */,
				2743A8071A78B46A00AA29C4 /* Main.storyboard */,
				2743A8291A78BCF200AA29C4 /* PlayerCell.swift */,
				2743A8251A78B85B00AA29C4 /* Player.swift */,
				2743A8271A78B8AA00AA29C4 /* SampleData.swift */,
				2743A8231A78B81B00AA29C4 /* PlayersTableViewController.swift */,
				2743A82D1A78BF9C00AA29C4 /* PlayerDetailsTableViewController.swift */,
				2743A80A1A78B46A00AA29C4 /* Images.xcassets */,
				2743A80C1A78B46A00AA29C4 /* LaunchScreen.xib */,
				2743A8011A78B46A00AA29C4 /* Supporting Files */,
			);
			path = Ratings;
			sourceTree = "<group>";
		};
		2743A8011A78B46A00AA29C4 /* Supporting Files */ = {
			isa = PBXGroup;
			children = (
				2743A8021A78B46A00AA29C4 /* Info.plist */,
			);
			name = "Supporting Files";
			sourceTree = "<group>";
		};
		2743A8161A78B46A00AA29C4 /* RatingsTests */ = {
			isa = PBXGroup;
			children = (
				2743A8191A78B46A00AA29C4 /* RatingsTests.swift */,
				2743A8171A78B46A00AA29C4 /* Supporting Files */,
			);
			path = RatingsTests;
			sourceTree = "<group>";
		};
		2743A8171A78B46A00AA29C4 /* Supporting Files */ = {
			isa = PBXGroup;
			children = (
				2743A8181A78B46A00AA29C4 /* Info.plist */,
			);
			name = "Supporting Files";
			sourceTree = "<group>";
		};
/* End PBXGroup section */

/* Begin PBXNativeTarget section */
		2743A7FD1A78B46A00AA29C4 /* Ratings */ = {
			isa = PBXNativeTarget;
			buildConfigurationList = 2743A81D1A78B46A00AA29C4 /* Build configuration list for PBXNativeTarget "Ratings" */;
			buildPhases = (
				2743A7FA1A78B46A00AA29C4 /* Sources */,
				2743A7FB1A78B46A00AA29C4 /* Frameworks */,
				2743A7FC1A78B46A00AA29C4 /* Resources */,
			);
			buildRules = (
			);
			dependencies = (
			);
			name = Ratings;
			productName = Ratings;
			productReference = 2743A7FE1A78B46A00AA29C4 /* Ratings.app */;
			productType = "com.apple.product-type.application";
		};
		2743A8121A78B46A00AA29C4 /* RatingsTests */ = {
			isa = PBXNativeTarget;
			buildConfigurationList = 2743A8201A78B46A00AA29C4 /* Build configuration list for PBXNativeTarget "RatingsTests" */;
			buildPhases = (
				2743A80F1A78B46A00AA29C4 /* Sources */,
				2743A8101A78B46A00AA29C4 /* Frameworks */,
				2743A8111A78B46A00AA29C4 /* Resources */,
			);
			buildRules = (
			);
			dependencies = (
				2743A8151A78B46A00AA29C4 /* PBXTargetDependency */,
			);
			name = RatingsTests;
			productName = RatingsTests;
			productReference = 2743A8131A78B46A00AA29C4 /* RatingsTests.xctest */;
			productType = "com.apple.product-type.bundle.unit-test";
		};
/* End PBXNativeTarget section */

/* Begin PBXProject section */
		2743A7F61A78B46A00AA29C4 /* Project object */ = {
			isa = PBXProject;
			attributes = {
				LastUpgradeCheck = 0610;
				ORGANIZATIONNAME = "Mike Reining";
				TargetAttributes = {
					2743A7FD1A78B46A00AA29C4 = {
						CreatedOnToolsVersion = 6.1.1;
					};
					2743A8121A78B46A00AA29C4 = {
						CreatedOnToolsVersion = 6.1.1;
						TestTargetID = 2743A7FD1A78B46A00AA29C4;
					};
				};
			};
			buildConfigurationList = 2743A7F91A78B46A00AA29C4 /* Build configuration list for PBXProject "Ratings" */;
			compatibilityVersion = "Xcode 3.2";
			developmentRegion = English;
			hasScannedForEncodings = 0;
			knownRegions = (
				en,
				Base,
			);
			mainGroup = 2743A7F51A78B46A00AA29C4;
			productRefGroup = 2743A7FF1A78B46A00AA29C4 /* Products */;
			projectDirPath = "";
			projectRoot = "";
			targets = (
				2743A7FD1A78B46A00AA29C4 /* Ratings */,
				2743A8121A78B46A00AA29C4 /* RatingsTests */,
			);
		};
/* End PBXProject section */

/* Begin PBXResourcesBuildPhase section */
		2743A7FC1A78B46A00AA29C4 /* Resources */ = {
			isa = PBXResourcesBuildPhase;
			buildActionMask = 2147483647;
			files = (
				2743A8091A78B46A00AA29C4 /* Main.storyboard in Resources */,
				2743A80E1A78B46A00AA29C4 /* LaunchScreen.xib in Resources */,
				2743A80B1A78B46A00AA29C4 /* Images.xcassets in Resources */,
			);
			runOnlyForDeploymentPostprocessing = 0;
		};
		2743A8111A78B46A00AA29C4 /* Resources */ = {
			isa = PBXResourcesBuildPhase;
			buildActionMask = 2147483647;
			files = (
			);
			runOnlyForDeploymentPostprocessing = 0;
		};
/* End PBXResourcesBuildPhase section */

/* Begin PBXSourcesBuildPhase section */
		2743A7FA1A78B46A00AA29C4 /* Sources */ = {
			isa = PBXSourcesBuildPhase;
			buildActionMask = 2147483647;
			files = (
				2743A82A1A78BCF200AA29C4 /* PlayerCell.swift in Sources */,
				2743A8261A78B85B00AA29C4 /* Player.swift in Sources */,
				2743A8061A78B46A00AA29C4 /* ViewController.swift in Sources */,
				2743A8041A78B46A00AA29C4 /* AppDelegate.swift in Sources */,
				2743A8281A78B8AA00AA29C4 /* SampleData.swift in Sources */,
				2743A8241A78B81B00AA29C4 /* PlayersTableViewController.swift in Sources */,
				2743A82E1A78BF9C00AA29C4 /* PlayerDetailsTableViewController.swift in Sources */,
			);
			runOnlyForDeploymentPostprocessing = 0;
		};
		2743A80F1A78B46A00AA29C4 /* Sources */ = {
			isa = PBXSourcesBuildPhase;
			buildActionMask = 2147483647;
			files = (
				2743A81A1A78B46A00AA29C4 /* RatingsTests.swift in Sources */,
			);
			runOnlyForDeploymentPostprocessing = 0;
		};
/* End PBXSourcesBuildPhase section */

/* Begin PBXTargetDependency section */
		2743A8151A78B46A00AA29C4 /* PBXTargetDependency */ = {
			isa = PBXTargetDependency;
			target = 2743A7FD1A78B46A00AA29C4 /* Ratings */;
			targetProxy = 2743A8141A78B46A00AA29C4 /* PBXContainerItemProxy */;
		};
/* End PBXTargetDependency section */

/* Begin PBXVariantGroup section */
		2743A8071A78B46A00AA29C4 /* Main.storyboard */ = {
			isa = PBXVariantGroup;
			children = (
				2743A8081A78B46A00AA29C4 /* Base */,
			);
			name = Main.storyboard;
			sourceTree = "<group>";
		};
		2743A80C1A78B46A00AA29C4 /* LaunchScreen.xib */ = {
			isa = PBXVariantGroup;
			children = (
				2743A80D1A78B46A00AA29C4 /* Base */,
			);
			name = LaunchScreen.xib;
			sourceTree = "<group>";
		};
/* End PBXVariantGroup section */

/* Begin XCBuildConfiguration section */
		2743A81B1A78B46A00AA29C4 /* Debug */ = {
			isa = XCBuildConfiguration;
			buildSettings = {
				ALWAYS_SEARCH_USER_PATHS = NO;
				CLANG_CXX_LANGUAGE_STANDARD = "gnu++0x";
				CLANG_CXX_LIBRARY = "libc++";
				CLANG_ENABLE_MODULES = YES;
				CLANG_ENABLE_OBJC_ARC = YES;
				CLANG_WARN_BOOL_CONVERSION = YES;
				CLANG_WARN_CONSTANT_CONVERSION = YES;
				CLANG_WARN_DIRECT_OBJC_ISA_USAGE = YES_ERROR;
				CLANG_WARN_EMPTY_BODY = YES;
				CLANG_WARN_ENUM_CONVERSION = YES;
				CLANG_WARN_INT_CONVERSION = YES;
				CLANG_WARN_OBJC_ROOT_CLASS = YES_ERROR;
				CLANG_WARN_UNREACHABLE_CODE = YES;
				CLANG_WARN__DUPLICATE_METHOD_MATCH = YES;
				"CODE_SIGN_IDENTITY[sdk=iphoneos*]" = "iPhone Developer";
				COPY_PHASE_STRIP = NO;
				ENABLE_STRICT_OBJC_MSGSEND = YES;
				GCC_C_LANGUAGE_STANDARD = gnu99;
				GCC_DYNAMIC_NO_PIC = NO;
				GCC_OPTIMIZATION_LEVEL = 0;
				GCC_PREPROCESSOR_DEFINITIONS = (
					"DEBUG=1",
					"$(inherited)",
				);
				GCC_SYMBOLS_PRIVATE_EXTERN = NO;
				GCC_WARN_64_TO_32_BIT_CONVERSION = YES;
				GCC_WARN_ABOUT_RETURN_TYPE = YES_ERROR;
				GCC_WARN_UNDECLARED_SELECTOR = YES;
				GCC_WARN_UNINITIALIZED_AUTOS = YES_AGGRESSIVE;
				GCC_WARN_UNUSED_FUNCTION = YES;
				GCC_WARN_UNUSED_VARIABLE = YES;
				IPHONEOS_DEPLOYMENT_TARGET = 8.1;
				MTL_ENABLE_DEBUG_INFO = YES;
				ONLY_ACTIVE_ARCH = YES;
				SDKROOT = iphoneos;
				SWIFT_OPTIMIZATION_LEVEL = "-Onone";
				TARGETED_DEVICE_FAMILY = "1,2";
			};
			name = Debug;
		};
		2743A81C1A78B46A00AA29C4 /* Release */ = {
			isa = XCBuildConfiguration;
			buildSettings = {
				ALWAYS_SEARCH_USER_PATHS = NO;
				CLANG_CXX_LANGUAGE_STANDARD = "gnu++0x";
				CLANG_CXX_LIBRARY = "libc++";
				CLANG_ENABLE_MODULES = YES;
				CLANG_ENABLE_OBJC_ARC = YES;
				CLANG_WARN_BOOL_CONVERSION = YES;
				CLANG_WARN_CONSTANT_CONVERSION = YES;
				CLANG_WARN_DIRECT_OBJC_ISA_USAGE = YES_ERROR;
				CLANG_WARN_EMPTY_BODY = YES;
				CLANG_WARN_ENUM_CONVERSION = YES;
				CLANG_WARN_INT_CONVERSION = YES;
				CLANG_WARN_OBJC_ROOT_CLASS = YES_ERROR;
				CLANG_WARN_UNREACHABLE_CODE = YES;
				CLANG_WARN__DUPLICATE_METHOD_MATCH = YES;
				"CODE_SIGN_IDENTITY[sdk=iphoneos*]" = "iPhone Developer";
				COPY_PHASE_STRIP = YES;
				ENABLE_NS_ASSERTIONS = NO;
				ENABLE_STRICT_OBJC_MSGSEND = YES;
				GCC_C_LANGUAGE_STANDARD = gnu99;
				GCC_WARN_64_TO_32_BIT_CONVERSION = YES;
				GCC_WARN_ABOUT_RETURN_TYPE = YES_ERROR;
				GCC_WARN_UNDECLARED_SELECTOR = YES;
				GCC_WARN_UNINITIALIZED_AUTOS = YES_AGGRESSIVE;
				GCC_WARN_UNUSED_FUNCTION = YES;
				GCC_WARN_UNUSED_VARIABLE = YES;
				IPHONEOS_DEPLOYMENT_TARGET = 8.1;
				MTL_ENABLE_DEBUG_INFO = NO;
				SDKROOT = iphoneos;
				TARGETED_DEVICE_FAMILY = "1,2";
				VALIDATE_PRODUCT = YES;
			};
			name = Release;
		};
		2743A81E1A78B46A00AA29C4 /* Debug */ = {
			isa = XCBuildConfiguration;
			buildSettings = {
				ASSETCATALOG_COMPILER_APPICON_NAME = AppIcon;
				INFOPLIST_FILE = Ratings/Info.plist;
				LD_RUNPATH_SEARCH_PATHS = "$(inherited) @executable_path/Frameworks";
				PRODUCT_NAME = "$(TARGET_NAME)";
				TARGETED_DEVICE_FAMILY = 1;
			};
			name = Debug;
		};
		2743A81F1A78B46A00AA29C4 /* Release */ = {
			isa = XCBuildConfiguration;
			buildSettings = {
				ASSETCATALOG_COMPILER_APPICON_NAME = AppIcon;
				INFOPLIST_FILE = Ratings/Info.plist;
				LD_RUNPATH_SEARCH_PATHS = "$(inherited) @executable_path/Frameworks";
				PRODUCT_NAME = "$(TARGET_NAME)";
				TARGETED_DEVICE_FAMILY = 1;
			};
			name = Release;
		};
		2743A8211A78B46A00AA29C4 /* Debug */ = {
			isa = XCBuildConfiguration;
			buildSettings = {
				BUNDLE_LOADER = "$(TEST_HOST)";
				FRAMEWORK_SEARCH_PATHS = (
					"$(SDKROOT)/Developer/Library/Frameworks",
					"$(inherited)",
				);
				GCC_PREPROCESSOR_DEFINITIONS = (
					"DEBUG=1",
					"$(inherited)",
				);
				INFOPLIST_FILE = RatingsTests/Info.plist;
				LD_RUNPATH_SEARCH_PATHS = "$(inherited) @executable_path/Frameworks @loader_path/Frameworks";
				PRODUCT_NAME = "$(TARGET_NAME)";
				TEST_HOST = "$(BUILT_PRODUCTS_DIR)/Ratings.app/Ratings";
			};
			name = Debug;
		};
		2743A8221A78B46A00AA29C4 /* Release */ = {
			isa = XCBuildConfiguration;
			buildSettings = {
				BUNDLE_LOADER = "$(TEST_HOST)";
				FRAMEWORK_SEARCH_PATHS = (
					"$(SDKROOT)/Developer/Library/Frameworks",
					"$(inherited)",
				);
				INFOPLIST_FILE = RatingsTests/Info.plist;
				LD_RUNPATH_SEARCH_PATHS = "$(inherited) @executable_path/Frameworks @loader_path/Frameworks";
				PRODUCT_NAME = "$(TARGET_NAME)";
				TEST_HOST = "$(BUILT_PRODUCTS_DIR)/Ratings.app/Ratings";
			};
			name = Release;
		};
/* End XCBuildConfiguration section */

/* Begin XCConfigurationList section */
		2743A7F91A78B46A00AA29C4 /* Build configuration list for PBXProject "Ratings" */ = {
			isa = XCConfigurationList;
			buildConfigurations = (
				2743A81B1A78B46A00AA29C4 /* Debug */,
				2743A81C1A78B46A00AA29C4 /* Release */,
			);
			defaultConfigurationIsVisible = 0;
			defaultConfigurationName = Release;
		};
		2743A81D1A78B46A00AA29C4 /* Build configuration list for PBXNativeTarget "Ratings" */ = {
			isa = XCConfigurationList;
			buildConfigurations = (
				2743A81E1A78B46A00AA29C4 /* Debug */,
				2743A81F1A78B46A00AA29C4 /* Release */,
			);
			defaultConfigurationIsVisible = 0;
		};
		2743A8201A78B46A00AA29C4 /* Build configuration list for PBXNativeTarget "RatingsTests" */ = {
			isa = XCConfigurationList;
			buildConfigurations = (
				2743A8211A78B46A00AA29C4 /* Debug */,
				2743A8221A78B46A00AA29C4 /* Release */,
			);
			defaultConfigurationIsVisible = 0;
		};
/* End XCConfigurationList section */
	};
	rootObject = 2743A7F61A78B46A00AA29C4 /* Project object */;
}
